
Microsoft Visual Studio Solution File, Format Version 12.00
# Visual Studio 14
VisualStudioVersion = 14.0.25420.1
MinimumVisualStudioVersion = 10.0.40219.1
Project("{FAE04EC0-301F-11D3-BF4B-00C04F79EFBC}") = "HeadFirstCh3Ex1", "HeadFirstCh3Ex1\HeadFirstCh3Ex1.csproj", "{D8F3BD5A-9820-4112-907D-5243CA07DE5E}"
EndProject
Project("{FAE04EC0-301F-11D3-BF4B-00C04F79EFBC}") = "HeadFirstCh3Ex2", "HeadFirstCh3Ex2\HeadFirstCh3Ex2.csproj", "{264FEC84-A9C5-4725-B3C5-A4A7EF1E5777}"
EndProject
Global
	GlobalSection(SolutionConfigurationPlatforms) = preSolution
		Debug|Any CPU = Debug|Any CPU
		Release|Any CPU = Release|Any CPU
	EndGlobalSection
	GlobalSection(ProjectConfigurationPlatforms) = postSolution
		{D8F3BD5A-9820-4112-907D-5243CA07DE5E}.Debug|Any CPU.ActiveCfg = Debug|Any CPU
		{D8F3BD5A-9820-4112-907D-5243CA07DE5E}.Debug|Any CPU.Build.0 = Debug|Any CPU
		{D8F3BD5A-9820-4112-907D-5243CA07DE5E}.Release|Any CPU.ActiveCfg = Release|Any CPU
		{D8F3BD5A-9820-4112-907D-5243CA07DE5E}.Release|Any CPU.Build.0 = Release|Any CPU
		{264FEC84-A9C5-4725-B3C5-A4A7EF1E5777}.Debug|Any CPU.ActiveCfg = Debug|Any CPU
		{264FEC84-A9C5-4725-B3C5-A4A7EF1E5777}.Debug|Any CPU.Build.0 = Debug|Any CPU
		{264FEC84-A9C5-4725-B3C5-A4A7EF1E5777}.Release|Any CPU.ActiveCfg = Release|Any CPU
		{264FEC84-A9C5-4725-B3C5-A4A7EF1E5777}.Release|Any CPU.Build.0 = Release|Any CPU
	EndGlobalSection
	GlobalSection(SolutionProperties) = preSolution
		HideSolutionNode = FALSE
	EndGlobalSection
EndGlobal
